{
  "requires": true,
  "lockfileVersion": 1,
  "dependencies": {
    "@babel/runtime": {
      "version": "7.9.2",
      "resolved": "https://registry.npmjs.org/@babel/runtime/-/runtime-7.9.2.tgz",
      "integrity": "sha512-NE2DtOdufG7R5vnfQUTehdTfNycfUANEtCa9PssN9O/xmTzP4E08UI797ixaei6hBEVL9BI/PsdJS5x7mWoB9Q==",
      "requires": {
        "regenerator-runtime": "^0.13.4"
      }
    },
    "immutable-ops": {
      "version": "0.7.0",
      "resolved": "https://registry.npmjs.org/immutable-ops/-/immutable-ops-0.7.0.tgz",
      "integrity": "sha512-5tOOKVgMr3fzSX92vMJTf8CchlVxSmMm1m7nnv4pXZ6w5feLmBFIAFA1arQ+TM785kd0nzV1kUvDWlytpEnQZw==",
      "requires": {
        "@babel/runtime": "^7.0.0",
        "ramda": "^0.26.1"
      }
    },
    "lodash": {
      "version": "4.17.15",
      "resolved": "https://registry.npmjs.org/lodash/-/lodash-4.17.15.tgz",
      "integrity": "sha512-8xOcRHvCjnocdS5cpwXQXVzmmh5e5+saE2QGoeQmbKmRS6J3VQppPOIt0MnmE+4xlZoumy0GPG0D0MVIQbNA1A=="
    },
    "ramda": {
      "version": "0.26.1",
      "resolved": "https://registry.npmjs.org/ramda/-/ramda-0.26.1.tgz",
      "integrity": "sha512-hLWjpy7EnsDBb0p+Z3B7rPi3GDeRG5ZtiI33kJhTt+ORCd38AbAIjB/9zRIUoeTbE/AVX5ZkU7m6bznsvrf8eQ=="
    },
    "re-reselect": {
      "version": "3.4.0",
      "resolved": "https://registry.npmjs.org/re-reselect/-/re-reselect-3.4.0.tgz",
      "integrity": "sha512-JsecfN+JlckncVXTWFWjn0Vk6uInl8GSf4eEd9tTk5qXHlgqkPdILpnYpgZcISXNYAzvfvsCZviaDk8AxyS5sg=="
    },
    "redux-orm": {
      "version": "0.16.1",
      "resolved": "https://registry.npmjs.org/redux-orm/-/redux-orm-0.16.1.tgz",
      "integrity": "sha512-bXzGW10g67LVO5YXaVpF3GMLwMRYyXfspsZmIBNZrwhzaQM0nmTb5cGrWTj5VUv9TkHihMyFk2kJQCLtiQDRlg==",
      "requires": {
        "@babel/runtime": "^7.8.0",
        "immutable-ops": "^0.7.0",
        "lodash": "^4.17.15",
        "re-reselect": "^3.4.0",
        "reselect": "^3.0.1"
      }
    },
    "regenerator-runtime": {
      "version": "0.13.5",
      "resolved": "https://registry.npmjs.org/regenerator-runtime/-/regenerator-runtime-0.13.5.tgz",
      "integrity": "sha512-ZS5w8CpKFinUzOwW3c83oPeVXoNsrLsaCoLtJvAClH135j/R77RuymhiSErhm2lKcwSCIpmvIWSbDkIfAqKQlA=="
    },
    "reselect": {
      "version": "3.0.1",
      "resolved": "https://registry.npmjs.org/reselect/-/reselect-3.0.1.tgz",
      "integrity": "sha1-79qpjqdFEyTQkrKyFjpqHXqaIUc="
    }
  }
}
